// !$*UTF8*$!
{
	archiveVersion = 1;
	classes = {
	};
	objectVersion = 54;
	objects = {

/* Begin PBXBuildFile section */
		00E356F31AD99517003FC87E /* iqedudoTests.m in Sources */ = {isa = PBXBuildFile; fileRef = 00E356F21AD99517003FC87E /* iqedudoTests.m */; };
		01355D7C491B4BD4A518A275 /* Foundation.ttf in Resources */ = {isa = PBXBuildFile; fileRef = 2BA904556B5E42A89316BF65 /* Foundation.ttf */; };
		0AA38DD614D1404EBB1D4A05 /* rubicon-icon-font.ttf in Resources */ = {isa = PBXBuildFile; fileRef = B33A11C407A443B89FD018F5 /* rubicon-icon-font.ttf */; };
		13B07FBC1A68108700A75B9A /* AppDelegate.m in Sources */ = {isa = PBXBuildFile; fileRef = 13B07FB01A68108700A75B9A /* AppDelegate.m */; };
		13B07FBF1A68108700A75B9A /* Images.xcassets in Resources */ = {isa = PBXBuildFile; fileRef = 13B07FB51A68108700A75B9A /* Images.xcassets */; };
		13B07FC11A68108700A75B9A /* main.m in Sources */ = {isa = PBXBuildFile; fileRef = 13B07FB71A68108700A75B9A /* main.m */; };
		1625FECB60F04162BA1C507A /* EvilIcons.ttf in Resources */ = {isa = PBXBuildFile; fileRef = A685E6E3A2CB44B8B9F47624 /* EvilIcons.ttf */; };
		203DFE86BC1F400F88BF2590 /* Fontisto.ttf in Resources */ = {isa = PBXBuildFile; fileRef = 85C94EA96ACA4484AE6FB07C /* Fontisto.ttf */; };
		26D9D4997DBA4D9FB27C4059 /* Nunito-Bold.ttf in Resources */ = {isa = PBXBuildFile; fileRef = A088D7525F904CD38E82B74C /* Nunito-Bold.ttf */; };
		2828559A8E6E9CBABE350153 /* libPods-iqedudo-iqedudoTests.a in Frameworks */ = {isa = PBXBuildFile; fileRef = 6C5B3EC9805E033573AA0DC2 /* libPods-iqedudo-iqedudoTests.a */; };
		41D0AD2B11EF4DAB8E98A1FB /* MaterialIcons.ttf in Resources */ = {isa = PBXBuildFile; fileRef = 8E1D8A4B0D9F4A65811BADDB /* MaterialIcons.ttf */; };
		4649753307FC49A78F335464 /* Nunito-Regular.ttf in Resources */ = {isa = PBXBuildFile; fileRef = BE1F732B46E04AAB91BBD28D /* Nunito-Regular.ttf */; };
		472229D972DD4077911425C1 /* FontAwesome5_Regular.ttf in Resources */ = {isa = PBXBuildFile; fileRef = 94FDC2E1ABBE4745941EC1D2 /* FontAwesome5_Regular.ttf */; };
		51C403E9206840B294933E62 /* MaterialCommunityIcons.ttf in Resources */ = {isa = PBXBuildFile; fileRef = 2CF2DBB1A45348D79074D936 /* MaterialCommunityIcons.ttf */; };
		5D26644008274D0BADC665D9 /* Ionicons.ttf in Resources */ = {isa = PBXBuildFile; fileRef = 4FBA08309AE04A049BABB919 /* Ionicons.ttf */; };
		62C8AD9DB3FA4CABAED6A828 /* Nunito-Italic.ttf in Resources */ = {isa = PBXBuildFile; fileRef = D4CC700EA4734C7FB6A96F81 /* Nunito-Italic.ttf */; };
		63C863A47151A064164BDC5E /* libPods-iqedudo.a in Frameworks */ = {isa = PBXBuildFile; fileRef = 4905604ECCCFC7121229117D /* libPods-iqedudo.a */; };
		69104A84DDE941F7A5C75FA3 /* SimpleLineIcons.ttf in Resources */ = {isa = PBXBuildFile; fileRef = D0D785AB60A5488ABE60BCC0 /* SimpleLineIcons.ttf */; };
		73A8C54050E248599716BEC6 /* Nunito-LightItalic.ttf in Resources */ = {isa = PBXBuildFile; fileRef = 9FA3250416094265AE6443B2 /* Nunito-LightItalic.ttf */; };
		7B23527E08A244BE8776D573 /* Nunito-Black.ttf in Resources */ = {isa = PBXBuildFile; fileRef = 253AE5A4E4C245E4BD82F5CA /* Nunito-Black.ttf */; };
		81AB9BB82411601600AC10FF /* LaunchScreen.storyboard in Resources */ = {isa = PBXBuildFile; fileRef = 81AB9BB72411601600AC10FF /* LaunchScreen.storyboard */; };
		87ECFBCC82644A1F97E8502A /* FontAwesome5_Solid.ttf in Resources */ = {isa = PBXBuildFile; fileRef = 1792500D255341EC88FC05EB /* FontAwesome5_Solid.ttf */; };
		8CAC812872C34864B3858F48 /* Nunito-Light.ttf in Resources */ = {isa = PBXBuildFile; fileRef = EDD5E078C58B4152B37F32FC /* Nunito-Light.ttf */; };
		9A3D0604CDC644D49B78FA54 /* Roboto_medium.ttf in Resources */ = {isa = PBXBuildFile; fileRef = 719F4364F4BB4361A3B1040E /* Roboto_medium.ttf */; };
		9FBA605E620540149992D311 /* Roboto.ttf in Resources */ = {isa = PBXBuildFile; fileRef = 2136F675712C4EF2A0EABE7A /* Roboto.ttf */; };
		A7EDF3F0727D47FDB9334D5E /* Octicons.ttf in Resources */ = {isa = PBXBuildFile; fileRef = 8F56B7FDE7D343A58AA8115A /* Octicons.ttf */; };
		B0251BB958E9413DB71495F2 /* FontAwesome5_Brands.ttf in Resources */ = {isa = PBXBuildFile; fileRef = E646A6B2AB7D4EBCA8B16990 /* FontAwesome5_Brands.ttf */; };
		B447E59C596343659DE39AB6 /* AntDesign.ttf in Resources */ = {isa = PBXBuildFile; fileRef = C667965D3DC040BB9E53547B /* AntDesign.ttf */; };
		B4A65F4A995E4A36B6313260 /* Nunito-ExtraLight.ttf in Resources */ = {isa = PBXBuildFile; fileRef = E3D326C232934C35B5A71050 /* Nunito-ExtraLight.ttf */; };
		BB8572F3917A45CFB4D33C08 /* Nunito-BlackItalic.ttf in Resources */ = {isa = PBXBuildFile; fileRef = 752936F45E2A4976ABF1A071 /* Nunito-BlackItalic.ttf */; };
		C213DDC7247A49B7B81A84E8 /* Nunito-SemiBoldItalic.ttf in Resources */ = {isa = PBXBuildFile; fileRef = C1AD2905C1C945F79A79D9EE /* Nunito-SemiBoldItalic.ttf */; };
		C58FBD5A90F649D99934D62D /* FontAwesome.ttf in Resources */ = {isa = PBXBuildFile; fileRef = FBCF8A1A89C347C3B7F55E53 /* FontAwesome.ttf */; };
		C60F11BA6F8744028675F269 /* Nunito-ExtraBoldItalic.ttf in Resources */ = {isa = PBXBuildFile; fileRef = 482A5F62ED784BA28FD3FDC7 /* Nunito-ExtraBoldItalic.ttf */; };
		C93574314D914AC09C997946 /* Nunito-SemiBold.ttf in Resources */ = {isa = PBXBuildFile; fileRef = 963E686FF0464902ABC290B4 /* Nunito-SemiBold.ttf */; };
		CC05B9748D7C4E8A906DD492 /* Nunito-ExtraBold.ttf in Resources */ = {isa = PBXBuildFile; fileRef = 7EA895BA22614564B2EB0CF6 /* Nunito-ExtraBold.ttf */; };
		D992B79CD1CE46BE82B67B0D /* Entypo.ttf in Resources */ = {isa = PBXBuildFile; fileRef = EB3617731DCB4DB89A3DB01E /* Entypo.ttf */; };
		DBCA5FD0344E4F90B07BE1F1 /* Nunito-BoldItalic.ttf in Resources */ = {isa = PBXBuildFile; fileRef = 8687E567E1D64E72AC034A18 /* Nunito-BoldItalic.ttf */; };
		E317E37F6B814766AB3BB61D /* Nunito-ExtraLightItalic.ttf in Resources */ = {isa = PBXBuildFile; fileRef = E8AEBD1A00BD4B03AACDDA36 /* Nunito-ExtraLightItalic.ttf */; };
		E9F9C998F2594CE5BC9A6B34 /* Feather.ttf in Resources */ = {isa = PBXBuildFile; fileRef = E882317F8FAC4D08BB9C59E5 /* Feather.ttf */; };
		EBDEC0A4637F49F09740E379 /* Zocial.ttf in Resources */ = {isa = PBXBuildFile; fileRef = D5643F5712D6430E9EB36D17 /* Zocial.ttf */; };
/* End PBXBuildFile section */

/* Begin PBXContainerItemProxy section */
		00E356F41AD99517003FC87E /* PBXContainerItemProxy */ = {
			isa = PBXContainerItemProxy;
			containerPortal = 83CBB9F71A601CBA00E9B192 /* Project object */;
			proxyType = 1;
			remoteGlobalIDString = 13B07F861A680F5B00A75B9A;
			remoteInfo = iqedudo;
		};
/* End PBXContainerItemProxy section */

/* Begin PBXFileReference section */
		00E356EE1AD99517003FC87E /* iqedudoTests.xctest */ = {isa = PBXFileReference; explicitFileType = wrapper.cfbundle; includeInIndex = 0; path = iqedudoTests.xctest; sourceTree = BUILT_PRODUCTS_DIR; };
		00E356F11AD99517003FC87E /* Info.plist */ = {isa = PBXFileReference; lastKnownFileType = text.plist.xml; path = Info.plist; sourceTree = "<group>"; };
		00E356F21AD99517003FC87E /* iqedudoTests.m */ = {isa = PBXFileReference; lastKnownFileType = sourcecode.c.objc; path = iqedudoTests.m; sourceTree = "<group>"; };
		105735AF5948F9E511470C99 /* Pods-iqedudo-iqedudoTests.debug.xcconfig */ = {isa = PBXFileReference; includeInIndex = 1; lastKnownFileType = text.xcconfig; name = "Pods-iqedudo-iqedudoTests.debug.xcconfig"; path = "Target Support Files/Pods-iqedudo-iqedudoTests/Pods-iqedudo-iqedudoTests.debug.xcconfig"; sourceTree = "<group>"; };
		13B07F961A680F5B00A75B9A /* iqedudo.app */ = {isa = PBXFileReference; explicitFileType = wrapper.application; includeInIndex = 0; path = iqedudo.app; sourceTree = BUILT_PRODUCTS_DIR; };
		13B07FAF1A68108700A75B9A /* AppDelegate.h */ = {isa = PBXFileReference; fileEncoding = 4; lastKnownFileType = sourcecode.c.h; name = AppDelegate.h; path = iqedudo/AppDelegate.h; sourceTree = "<group>"; };
		13B07FB01A68108700A75B9A /* AppDelegate.m */ = {isa = PBXFileReference; fileEncoding = 4; lastKnownFileType = sourcecode.c.objc; name = AppDelegate.m; path = iqedudo/AppDelegate.m; sourceTree = "<group>"; };
		13B07FB51A68108700A75B9A /* Images.xcassets */ = {isa = PBXFileReference; lastKnownFileType = folder.assetcatalog; name = Images.xcassets; path = iqedudo/Images.xcassets; sourceTree = "<group>"; };
		13B07FB61A68108700A75B9A /* Info.plist */ = {isa = PBXFileReference; fileEncoding = 4; lastKnownFileType = text.plist.xml; name = Info.plist; path = iqedudo/Info.plist; sourceTree = "<group>"; };
		13B07FB71A68108700A75B9A /* main.m */ = {isa = PBXFileReference; fileEncoding = 4; lastKnownFileType = sourcecode.c.objc; name = main.m; path = iqedudo/main.m; sourceTree = "<group>"; };
		1792500D255341EC88FC05EB /* FontAwesome5_Solid.ttf */ = {isa = PBXFileReference; explicitFileType = undefined; fileEncoding = undefined; includeInIndex = 0; lastKnownFileType = unknown; name = FontAwesome5_Solid.ttf; path = "../node_modules/native-base/Fonts/FontAwesome5_Solid.ttf"; sourceTree = "<group>"; };
		2136F675712C4EF2A0EABE7A /* Roboto.ttf */ = {isa = PBXFileReference; explicitFileType = undefined; fileEncoding = undefined; includeInIndex = 0; lastKnownFileType = unknown; name = Roboto.ttf; path = "../node_modules/native-base/Fonts/Roboto.ttf"; sourceTree = "<group>"; };
		253AE5A4E4C245E4BD82F5CA /* Nunito-Black.ttf */ = {isa = PBXFileReference; explicitFileType = undefined; fileEncoding = undefined; includeInIndex = 0; lastKnownFileType = unknown; name = "Nunito-Black.ttf"; path = "../src/assets/fonts/Nunito-Black.ttf"; sourceTree = "<group>"; };
		2BA904556B5E42A89316BF65 /* Foundation.ttf */ = {isa = PBXFileReference; explicitFileType = undefined; fileEncoding = undefined; includeInIndex = 0; lastKnownFileType = unknown; name = Foundation.ttf; path = "../node_modules/native-base/Fonts/Foundation.ttf"; sourceTree = "<group>"; };
		2CF2DBB1A45348D79074D936 /* MaterialCommunityIcons.ttf */ = {isa = PBXFileReference; explicitFileType = undefined; fileEncoding = undefined; includeInIndex = 0; lastKnownFileType = unknown; name = MaterialCommunityIcons.ttf; path = "../node_modules/native-base/Fonts/MaterialCommunityIcons.ttf"; sourceTree = "<group>"; };
		34AFABB18CCD404949143079 /* Pods-iqedudo-iqedudoTests.release.xcconfig */ = {isa = PBXFileReference; includeInIndex = 1; lastKnownFileType = text.xcconfig; name = "Pods-iqedudo-iqedudoTests.release.xcconfig"; path = "Target Support Files/Pods-iqedudo-iqedudoTests/Pods-iqedudo-iqedudoTests.release.xcconfig"; sourceTree = "<group>"; };
		3A33C09420A6D077213DD6C0 /* Pods-iqedudo.release.xcconfig */ = {isa = PBXFileReference; includeInIndex = 1; lastKnownFileType = text.xcconfig; name = "Pods-iqedudo.release.xcconfig"; path = "Target Support Files/Pods-iqedudo/Pods-iqedudo.release.xcconfig"; sourceTree = "<group>"; };
		482A5F62ED784BA28FD3FDC7 /* Nunito-ExtraBoldItalic.ttf */ = {isa = PBXFileReference; explicitFileType = undefined; fileEncoding = undefined; includeInIndex = 0; lastKnownFileType = unknown; name = "Nunito-ExtraBoldItalic.ttf"; path = "../src/assets/fonts/Nunito-ExtraBoldItalic.ttf"; sourceTree = "<group>"; };
		4905604ECCCFC7121229117D /* libPods-iqedudo.a */ = {isa = PBXFileReference; explicitFileType = archive.ar; includeInIndex = 0; path = "libPods-iqedudo.a"; sourceTree = BUILT_PRODUCTS_DIR; };
		4FBA08309AE04A049BABB919 /* Ionicons.ttf */ = {isa = PBXFileReference; explicitFileType = undefined; fileEncoding = undefined; includeInIndex = 0; lastKnownFileType = unknown; name = Ionicons.ttf; path = "../node_modules/native-base/Fonts/Ionicons.ttf"; sourceTree = "<group>"; };
		6C5B3EC9805E033573AA0DC2 /* libPods-iqedudo-iqedudoTests.a */ = {isa = PBXFileReference; explicitFileType = archive.ar; includeInIndex = 0; path = "libPods-iqedudo-iqedudoTests.a"; sourceTree = BUILT_PRODUCTS_DIR; };
		719F4364F4BB4361A3B1040E /* Roboto_medium.ttf */ = {isa = PBXFileReference; explicitFileType = undefined; fileEncoding = undefined; includeInIndex = 0; lastKnownFileType = unknown; name = Roboto_medium.ttf; path = "../node_modules/native-base/Fonts/Roboto_medium.ttf"; sourceTree = "<group>"; };
		729C8CDE0F32F702F9CFBEF4 /* Pods-iqedudo.debug.xcconfig */ = {isa = PBXFileReference; includeInIndex = 1; lastKnownFileType = text.xcconfig; name = "Pods-iqedudo.debug.xcconfig"; path = "Target Support Files/Pods-iqedudo/Pods-iqedudo.debug.xcconfig"; sourceTree = "<group>"; };
		752936F45E2A4976ABF1A071 /* Nunito-BlackItalic.ttf */ = {isa = PBXFileReference; explicitFileType = undefined; fileEncoding = undefined; includeInIndex = 0; lastKnownFileType = unknown; name = "Nunito-BlackItalic.ttf"; path = "../src/assets/fonts/Nunito-BlackItalic.ttf"; sourceTree = "<group>"; };
		7EA895BA22614564B2EB0CF6 /* Nunito-ExtraBold.ttf */ = {isa = PBXFileReference; explicitFileType = undefined; fileEncoding = undefined; includeInIndex = 0; lastKnownFileType = unknown; name = "Nunito-ExtraBold.ttf"; path = "../src/assets/fonts/Nunito-ExtraBold.ttf"; sourceTree = "<group>"; };
		81AB9BB72411601600AC10FF /* LaunchScreen.storyboard */ = {isa = PBXFileReference; fileEncoding = 4; lastKnownFileType = file.storyboard; name = LaunchScreen.storyboard; path = iqedudo/LaunchScreen.storyboard; sourceTree = "<group>"; };
		85C94EA96ACA4484AE6FB07C /* Fontisto.ttf */ = {isa = PBXFileReference; explicitFileType = undefined; fileEncoding = undefined; includeInIndex = 0; lastKnownFileType = unknown; name = Fontisto.ttf; path = "../node_modules/native-base/Fonts/Fontisto.ttf"; sourceTree = "<group>"; };
		8687E567E1D64E72AC034A18 /* Nunito-BoldItalic.ttf */ = {isa = PBXFileReference; explicitFileType = undefined; fileEncoding = undefined; includeInIndex = 0; lastKnownFileType = unknown; name = "Nunito-BoldItalic.ttf"; path = "../src/assets/fonts/Nunito-BoldItalic.ttf"; sourceTree = "<group>"; };
		8E1D8A4B0D9F4A65811BADDB /* MaterialIcons.ttf */ = {isa = PBXFileReference; explicitFileType = undefined; fileEncoding = undefined; includeInIndex = 0; lastKnownFileType = unknown; name = MaterialIcons.ttf; path = "../node_modules/native-base/Fonts/MaterialIcons.ttf"; sourceTree = "<group>"; };
		8F56B7FDE7D343A58AA8115A /* Octicons.ttf */ = {isa = PBXFileReference; explicitFileType = undefined; fileEncoding = undefined; includeInIndex = 0; lastKnownFileType = unknown; name = Octicons.ttf; path = "../node_modules/native-base/Fonts/Octicons.ttf"; sourceTree = "<group>"; };
		94FDC2E1ABBE4745941EC1D2 /* FontAwesome5_Regular.ttf */ = {isa = PBXFileReference; explicitFileType = undefined; fileEncoding = undefined; includeInIndex = 0; lastKnownFileType = unknown; name = FontAwesome5_Regular.ttf; path = "../node_modules/native-base/Fonts/FontAwesome5_Regular.ttf"; sourceTree = "<group>"; };
		963E686FF0464902ABC290B4 /* Nunito-SemiBold.ttf */ = {isa = PBXFileReference; explicitFileType = undefined; fileEncoding = undefined; includeInIndex = 0; lastKnownFileType = unknown; name = "Nunito-SemiBold.ttf"; path = "../src/assets/fonts/Nunito-SemiBold.ttf"; sourceTree = "<group>"; };
		9FA3250416094265AE6443B2 /* Nunito-LightItalic.ttf */ = {isa = PBXFileReference; explicitFileType = undefined; fileEncoding = undefined; includeInIndex = 0; lastKnownFileType = unknown; name = "Nunito-LightItalic.ttf"; path = "../src/assets/fonts/Nunito-LightItalic.ttf"; sourceTree = "<group>"; };
		A088D7525F904CD38E82B74C /* Nunito-Bold.ttf */ = {isa = PBXFileReference; explicitFileType = undefined; fileEncoding = undefined; includeInIndex = 0; lastKnownFileType = unknown; name = "Nunito-Bold.ttf"; path = "../src/assets/fonts/Nunito-Bold.ttf"; sourceTree = "<group>"; };
		A685E6E3A2CB44B8B9F47624 /* EvilIcons.ttf */ = {isa = PBXFileReference; explicitFileType = undefined; fileEncoding = undefined; includeInIndex = 0; lastKnownFileType = unknown; name = EvilIcons.ttf; path = "../node_modules/native-base/Fonts/EvilIcons.ttf"; sourceTree = "<group>"; };
		B33A11C407A443B89FD018F5 /* rubicon-icon-font.ttf */ = {isa = PBXFileReference; explicitFileType = undefined; fileEncoding = undefined; includeInIndex = 0; lastKnownFileType = unknown; name = "rubicon-icon-font.ttf"; path = "../node_modules/native-base/Fonts/rubicon-icon-font.ttf"; sourceTree = "<group>"; };
		BE1F732B46E04AAB91BBD28D /* Nunito-Regular.ttf */ = {isa = PBXFileReference; explicitFileType = undefined; fileEncoding = undefined; includeInIndex = 0; lastKnownFileType = unknown; name = "Nunito-Regular.ttf"; path = "../src/assets/fonts/Nunito-Regular.ttf"; sourceTree = "<group>"; };
		C1AD2905C1C945F79A79D9EE /* Nunito-SemiBoldItalic.ttf */ = {isa = PBXFileReference; explicitFileType = undefined; fileEncoding = undefined; includeInIndex = 0; lastKnownFileType = unknown; name = "Nunito-SemiBoldItalic.ttf"; path = "../src/assets/fonts/Nunito-SemiBoldItalic.ttf"; sourceTree = "<group>"; };
		C667965D3DC040BB9E53547B /* AntDesign.ttf */ = {isa = PBXFileReference; explicitFileType = undefined; fileEncoding = undefined; includeInIndex = 0; lastKnownFileType = unknown; name = AntDesign.ttf; path = "../node_modules/native-base/Fonts/AntDesign.ttf"; sourceTree = "<group>"; };
		D0D785AB60A5488ABE60BCC0 /* SimpleLineIcons.ttf */ = {isa = PBXFileReference; explicitFileType = undefined; fileEncoding = undefined; includeInIndex = 0; lastKnownFileType = unknown; name = SimpleLineIcons.ttf; path = "../node_modules/native-base/Fonts/SimpleLineIcons.ttf"; sourceTree = "<group>"; };
		D4CC700EA4734C7FB6A96F81 /* Nunito-Italic.ttf */ = {isa = PBXFileReference; explicitFileType = undefined; fileEncoding = undefined; includeInIndex = 0; lastKnownFileType = unknown; name = "Nunito-Italic.ttf"; path = "../src/assets/fonts/Nunito-Italic.ttf"; sourceTree = "<group>"; };
		D5643F5712D6430E9EB36D17 /* Zocial.ttf */ = {isa = PBXFileReference; explicitFileType = undefined; fileEncoding = undefined; includeInIndex = 0; lastKnownFileType = unknown; name = Zocial.ttf; path = "../node_modules/native-base/Fonts/Zocial.ttf"; sourceTree = "<group>"; };
		E3D326C232934C35B5A71050 /* Nunito-ExtraLight.ttf */ = {isa = PBXFileReference; explicitFileType = undefined; fileEncoding = undefined; includeInIndex = 0; lastKnownFileType = unknown; name = "Nunito-ExtraLight.ttf"; path = "../src/assets/fonts/Nunito-ExtraLight.ttf"; sourceTree = "<group>"; };
		E646A6B2AB7D4EBCA8B16990 /* FontAwesome5_Brands.ttf */ = {isa = PBXFileReference; explicitFileType = undefined; fileEncoding = undefined; includeInIndex = 0; lastKnownFileType = unknown; name = FontAwesome5_Brands.ttf; path = "../node_modules/native-base/Fonts/FontAwesome5_Brands.ttf"; sourceTree = "<group>"; };
		E882317F8FAC4D08BB9C59E5 /* Feather.ttf */ = {isa = PBXFileReference; explicitFileType = undefined; fileEncoding = undefined; includeInIndex = 0; lastKnownFileType = unknown; name = Feather.ttf; path = "../node_modules/native-base/Fonts/Feather.ttf"; sourceTree = "<group>"; };
		E8AEBD1A00BD4B03AACDDA36 /* Nunito-ExtraLightItalic.ttf */ = {isa = PBXFileReference; explicitFileType = undefined; fileEncoding = undefined; includeInIndex = 0; lastKnownFileType = unknown; name = "Nunito-ExtraLightItalic.ttf"; path = "../src/assets/fonts/Nunito-ExtraLightItalic.ttf"; sourceTree = "<group>"; };
		EB3617731DCB4DB89A3DB01E /* Entypo.ttf */ = {isa = PBXFileReference; explicitFileType = undefined; fileEncoding = undefined; includeInIndex = 0; lastKnownFileType = unknown; name = Entypo.ttf; path = "../node_modules/native-base/Fonts/Entypo.ttf"; sourceTree = "<group>"; };
		ED297162215061F000B7C4FE /* JavaScriptCore.framework */ = {isa = PBXFileReference; lastKnownFileType = wrapper.framework; name = JavaScriptCore.framework; path = System/Library/Frameworks/JavaScriptCore.framework; sourceTree = SDKROOT; };
		EDD5E078C58B4152B37F32FC /* Nunito-Light.ttf */ = {isa = PBXFileReference; explicitFileType = undefined; fileEncoding = undefined; includeInIndex = 0; lastKnownFileType = unknown; name = "Nunito-Light.ttf"; path = "../src/assets/fonts/Nunito-Light.ttf"; sourceTree = "<group>"; };
		FBCF8A1A89C347C3B7F55E53 /* FontAwesome.ttf */ = {isa = PBXFileReference; explicitFileType = undefined; fileEncoding = undefined; includeInIndex = 0; lastKnownFileType = unknown; name = FontAwesome.ttf; path = "../node_modules/native-base/Fonts/FontAwesome.ttf"; sourceTree = "<group>"; };
/* End PBXFileReference section */

/* Begin PBXFrameworksBuildPhase section */
		00E356EB1AD99517003FC87E /* Frameworks */ = {
			isa = PBXFrameworksBuildPhase;
			buildActionMask = 2147483647;
			files = (
				2828559A8E6E9CBABE350153 /* libPods-iqedudo-iqedudoTests.a in Frameworks */,
			);
			runOnlyForDeploymentPostprocessing = 0;
		};
		13B07F8C1A680F5B00A75B9A /* Frameworks */ = {
			isa = PBXFrameworksBuildPhase;
			buildActionMask = 2147483647;
			files = (
				63C863A47151A064164BDC5E /* libPods-iqedudo.a in Frameworks */,
			);
			runOnlyForDeploymentPostprocessing = 0;
		};
/* End PBXFrameworksBuildPhase section */

/* Begin PBXGroup section */
		00E356EF1AD99517003FC87E /* iqedudoTests */ = {
			isa = PBXGroup;
			children = (
				00E356F21AD99517003FC87E /* iqedudoTests.m */,
				00E356F01AD99517003FC87E /* Supporting Files */,
			);
			path = iqedudoTests;
			sourceTree = "<group>";
		};
		00E356F01AD99517003FC87E /* Supporting Files */ = {
			isa = PBXGroup;
			children = (
				00E356F11AD99517003FC87E /* Info.plist */,
			);
			name = "Supporting Files";
			sourceTree = "<group>";
		};
		13B07FAE1A68108700A75B9A /* iqedudo */ = {
			isa = PBXGroup;
			children = (
				13B07FAF1A68108700A75B9A /* AppDelegate.h */,
				13B07FB01A68108700A75B9A /* AppDelegate.m */,
				13B07FB51A68108700A75B9A /* Images.xcassets */,
				13B07FB61A68108700A75B9A /* Info.plist */,
				81AB9BB72411601600AC10FF /* LaunchScreen.storyboard */,
				13B07FB71A68108700A75B9A /* main.m */,
			);
			name = iqedudo;
			sourceTree = "<group>";
		};
		2D16E6871FA4F8E400B85C8A /* Frameworks */ = {
			isa = PBXGroup;
			children = (
				ED297162215061F000B7C4FE /* JavaScriptCore.framework */,
				4905604ECCCFC7121229117D /* libPods-iqedudo.a */,
				6C5B3EC9805E033573AA0DC2 /* libPods-iqedudo-iqedudoTests.a */,
			);
			name = Frameworks;
			sourceTree = "<group>";
		};
		40536960D1AF4D998B540ADB /* Resources */ = {
			isa = PBXGroup;
			children = (
				C667965D3DC040BB9E53547B /* AntDesign.ttf */,
				EB3617731DCB4DB89A3DB01E /* Entypo.ttf */,
				A685E6E3A2CB44B8B9F47624 /* EvilIcons.ttf */,
				E882317F8FAC4D08BB9C59E5 /* Feather.ttf */,
				FBCF8A1A89C347C3B7F55E53 /* FontAwesome.ttf */,
				E646A6B2AB7D4EBCA8B16990 /* FontAwesome5_Brands.ttf */,
				94FDC2E1ABBE4745941EC1D2 /* FontAwesome5_Regular.ttf */,
				1792500D255341EC88FC05EB /* FontAwesome5_Solid.ttf */,
				85C94EA96ACA4484AE6FB07C /* Fontisto.ttf */,
				2BA904556B5E42A89316BF65 /* Foundation.ttf */,
				4FBA08309AE04A049BABB919 /* Ionicons.ttf */,
				2CF2DBB1A45348D79074D936 /* MaterialCommunityIcons.ttf */,
				8E1D8A4B0D9F4A65811BADDB /* MaterialIcons.ttf */,
				8F56B7FDE7D343A58AA8115A /* Octicons.ttf */,
				719F4364F4BB4361A3B1040E /* Roboto_medium.ttf */,
				2136F675712C4EF2A0EABE7A /* Roboto.ttf */,
				B33A11C407A443B89FD018F5 /* rubicon-icon-font.ttf */,
				D0D785AB60A5488ABE60BCC0 /* SimpleLineIcons.ttf */,
				D5643F5712D6430E9EB36D17 /* Zocial.ttf */,
				253AE5A4E4C245E4BD82F5CA /* Nunito-Black.ttf */,
				752936F45E2A4976ABF1A071 /* Nunito-BlackItalic.ttf */,
				A088D7525F904CD38E82B74C /* Nunito-Bold.ttf */,
				8687E567E1D64E72AC034A18 /* Nunito-BoldItalic.ttf */,
				7EA895BA22614564B2EB0CF6 /* Nunito-ExtraBold.ttf */,
				482A5F62ED784BA28FD3FDC7 /* Nunito-ExtraBoldItalic.ttf */,
				E3D326C232934C35B5A71050 /* Nunito-ExtraLight.ttf */,
				E8AEBD1A00BD4B03AACDDA36 /* Nunito-ExtraLightItalic.ttf */,
				D4CC700EA4734C7FB6A96F81 /* Nunito-Italic.ttf */,
				EDD5E078C58B4152B37F32FC /* Nunito-Light.ttf */,
				9FA3250416094265AE6443B2 /* Nunito-LightItalic.ttf */,
				BE1F732B46E04AAB91BBD28D /* Nunito-Regular.ttf */,
				963E686FF0464902ABC290B4 /* Nunito-SemiBold.ttf */,
				C1AD2905C1C945F79A79D9EE /* Nunito-SemiBoldItalic.ttf */,
			);
			name = Resources;
			path = "";
			sourceTree = "<group>";
		};
		832341AE1AAA6A7D00B99B32 /* Libraries */ = {
			isa = PBXGroup;
			children = (
			);
			name = Libraries;
			sourceTree = "<group>";
		};
		83CBB9F61A601CBA00E9B192 = {
			isa = PBXGroup;
			children = (
				13B07FAE1A68108700A75B9A /* iqedudo */,
				832341AE1AAA6A7D00B99B32 /* Libraries */,
				00E356EF1AD99517003FC87E /* iqedudoTests */,
				83CBBA001A601CBA00E9B192 /* Products */,
				2D16E6871FA4F8E400B85C8A /* Frameworks */,
				B826C627405311ECD9D4871E /* Pods */,
				40536960D1AF4D998B540ADB /* Resources */,
			);
			indentWidth = 2;
			sourceTree = "<group>";
			tabWidth = 2;
			usesTabs = 0;
		};
		83CBBA001A601CBA00E9B192 /* Products */ = {
			isa = PBXGroup;
			children = (
				13B07F961A680F5B00A75B9A /* iqedudo.app */,
				00E356EE1AD99517003FC87E /* iqedudoTests.xctest */,
			);
			name = Products;
			sourceTree = "<group>";
		};
		B826C627405311ECD9D4871E /* Pods */ = {
			isa = PBXGroup;
			children = (
				729C8CDE0F32F702F9CFBEF4 /* Pods-iqedudo.debug.xcconfig */,
				3A33C09420A6D077213DD6C0 /* Pods-iqedudo.release.xcconfig */,
				105735AF5948F9E511470C99 /* Pods-iqedudo-iqedudoTests.debug.xcconfig */,
				34AFABB18CCD404949143079 /* Pods-iqedudo-iqedudoTests.release.xcconfig */,
			);
			name = Pods;
			path = Pods;
			sourceTree = "<group>";
		};
/* End PBXGroup section */

/* Begin PBXNativeTarget section */
		00E356ED1AD99517003FC87E /* iqedudoTests */ = {
			isa = PBXNativeTarget;
			buildConfigurationList = 00E357021AD99517003FC87E /* Build configuration list for PBXNativeTarget "iqedudoTests" */;
			buildPhases = (
				42F4AE4076AF5D91BCD37CB4 /* [CP] Check Pods Manifest.lock */,
				00E356EA1AD99517003FC87E /* Sources */,
				00E356EB1AD99517003FC87E /* Frameworks */,
				00E356EC1AD99517003FC87E /* Resources */,
				FD7185B1119775BD7E61E5F7 /* [CP] Embed Pods Frameworks */,
				13D6CF45FB42EB7FFA431FAB /* [CP] Copy Pods Resources */,
			);
			buildRules = (
			);
			dependencies = (
				00E356F51AD99517003FC87E /* PBXTargetDependency */,
			);
			name = iqedudoTests;
			productName = iqedudoTests;
			productReference = 00E356EE1AD99517003FC87E /* iqedudoTests.xctest */;
			productType = "com.apple.product-type.bundle.unit-test";
		};
		13B07F861A680F5B00A75B9A /* iqedudo */ = {
			isa = PBXNativeTarget;
			buildConfigurationList = 13B07F931A680F5B00A75B9A /* Build configuration list for PBXNativeTarget "iqedudo" */;
			buildPhases = (
				CE65B856F699FB0DAED7DF53 /* [CP] Check Pods Manifest.lock */,
				FD10A7F022414F080027D42C /* Start Packager */,
				13B07F871A680F5B00A75B9A /* Sources */,
				13B07F8C1A680F5B00A75B9A /* Frameworks */,
				13B07F8E1A680F5B00A75B9A /* Resources */,
				00DD1BFF1BD5951E006B06BC /* Bundle React Native code and images */,
				E7970D661FE964AFD92A329E /* [CP] Embed Pods Frameworks */,
				30E4968A94438C9B9A565BA0 /* [CP] Copy Pods Resources */,
			);
			buildRules = (
			);
			dependencies = (
			);
			name = iqedudo;
			productName = iqedudo;
			productReference = 13B07F961A680F5B00A75B9A /* iqedudo.app */;
			productType = "com.apple.product-type.application";
		};
/* End PBXNativeTarget section */

/* Begin PBXProject section */
		83CBB9F71A601CBA00E9B192 /* Project object */ = {
			isa = PBXProject;
			attributes = {
				LastUpgradeCheck = 1210;
				TargetAttributes = {
					00E356ED1AD99517003FC87E = {
						CreatedOnToolsVersion = 6.2;
						TestTargetID = 13B07F861A680F5B00A75B9A;
					};
					13B07F861A680F5B00A75B9A = {
						LastSwiftMigration = 1120;
					};
				};
			};
			buildConfigurationList = 83CBB9FA1A601CBA00E9B192 /* Build configuration list for PBXProject "iqedudo" */;
			compatibilityVersion = "Xcode 12.0";
			developmentRegion = en;
			hasScannedForEncodings = 0;
			knownRegions = (
				en,
				Base,
			);
			mainGroup = 83CBB9F61A601CBA00E9B192;
			productRefGroup = 83CBBA001A601CBA00E9B192 /* Products */;
			projectDirPath = "";
			projectRoot = "";
			targets = (
				13B07F861A680F5B00A75B9A /* iqedudo */,
				00E356ED1AD99517003FC87E /* iqedudoTests */,
			);
		};
/* End PBXProject section */

/* Begin PBXResourcesBuildPhase section */
		00E356EC1AD99517003FC87E /* Resources */ = {
			isa = PBXResourcesBuildPhase;
			buildActionMask = 2147483647;
			files = (
			);
			runOnlyForDeploymentPostprocessing = 0;
		};
		13B07F8E1A680F5B00A75B9A /* Resources */ = {
			isa = PBXResourcesBuildPhase;
			buildActionMask = 2147483647;
			files = (
				81AB9BB82411601600AC10FF /* LaunchScreen.storyboard in Resources */,
				13B07FBF1A68108700A75B9A /* Images.xcassets in Resources */,
				B447E59C596343659DE39AB6 /* AntDesign.ttf in Resources */,
				D992B79CD1CE46BE82B67B0D /* Entypo.ttf in Resources */,
				1625FECB60F04162BA1C507A /* EvilIcons.ttf in Resources */,
				E9F9C998F2594CE5BC9A6B34 /* Feather.ttf in Resources */,
				C58FBD5A90F649D99934D62D /* FontAwesome.ttf in Resources */,
				B0251BB958E9413DB71495F2 /* FontAwesome5_Brands.ttf in Resources */,
				472229D972DD4077911425C1 /* FontAwesome5_Regular.ttf in Resources */,
				87ECFBCC82644A1F97E8502A /* FontAwesome5_Solid.ttf in Resources */,
				203DFE86BC1F400F88BF2590 /* Fontisto.ttf in Resources */,
				01355D7C491B4BD4A518A275 /* Foundation.ttf in Resources */,
				5D26644008274D0BADC665D9 /* Ionicons.ttf in Resources */,
				51C403E9206840B294933E62 /* MaterialCommunityIcons.ttf in Resources */,
				41D0AD2B11EF4DAB8E98A1FB /* MaterialIcons.ttf in Resources */,
				A7EDF3F0727D47FDB9334D5E /* Octicons.ttf in Resources */,
				9A3D0604CDC644D49B78FA54 /* Roboto_medium.ttf in Resources */,
				9FBA605E620540149992D311 /* Roboto.ttf in Resources */,
				0AA38DD614D1404EBB1D4A05 /* rubicon-icon-font.ttf in Resources */,
				69104A84DDE941F7A5C75FA3 /* SimpleLineIcons.ttf in Resources */,
				EBDEC0A4637F49F09740E379 /* Zocial.ttf in Resources */,
				7B23527E08A244BE8776D573 /* Nunito-Black.ttf in Resources */,
				BB8572F3917A45CFB4D33C08 /* Nunito-BlackItalic.ttf in Resources */,
				26D9D4997DBA4D9FB27C4059 /* Nunito-Bold.ttf in Resources */,
				DBCA5FD0344E4F90B07BE1F1 /* Nunito-BoldItalic.ttf in Resources */,
				CC05B9748D7C4E8A906DD492 /* Nunito-ExtraBold.ttf in Resources */,
				C60F11BA6F8744028675F269 /* Nunito-ExtraBoldItalic.ttf in Resources */,
				B4A65F4A995E4A36B6313260 /* Nunito-ExtraLight.ttf in Resources */,
				E317E37F6B814766AB3BB61D /* Nunito-ExtraLightItalic.ttf in Resources */,
				62C8AD9DB3FA4CABAED6A828 /* Nunito-Italic.ttf in Resources */,
				8CAC812872C34864B3858F48 /* Nunito-Light.ttf in Resources */,
				73A8C54050E248599716BEC6 /* Nunito-LightItalic.ttf in Resources */,
				4649753307FC49A78F335464 /* Nunito-Regular.ttf in Resources */,
				C93574314D914AC09C997946 /* Nunito-SemiBold.ttf in Resources */,
				C213DDC7247A49B7B81A84E8 /* Nunito-SemiBoldItalic.ttf in Resources */,
			);
			runOnlyForDeploymentPostprocessing = 0;
		};
/* End PBXResourcesBuildPhase section */

/* Begin PBXShellScriptBuildPhase section */
		00DD1BFF1BD5951E006B06BC /* Bundle React Native code and images */ = {
			isa = PBXShellScriptBuildPhase;
			buildActionMask = 2147483647;
			files = (
			);
			inputPaths = (
			);
			name = "Bundle React Native code and images";
			outputPaths = (
			);
			runOnlyForDeploymentPostprocessing = 0;
			shellPath = /bin/sh;
			shellScript = "set -e\n\nexport NODE_BINARY=node\n../node_modules/react-native/scripts/react-native-xcode.sh\n";
		};
		13D6CF45FB42EB7FFA431FAB /* [CP] Copy Pods Resources */ = {
			isa = PBXShellScriptBuildPhase;
			buildActionMask = 2147483647;
			files = (
			);
			inputFileListPaths = (
				"${PODS_ROOT}/Target Support Files/Pods-iqedudo-iqedudoTests/Pods-iqedudo-iqedudoTests-resources-${CONFIGURATION}-input-files.xcfilelist",
			);
			name = "[CP] Copy Pods Resources";
			outputFileListPaths = (
				"${PODS_ROOT}/Target Support Files/Pods-iqedudo-iqedudoTests/Pods-iqedudo-iqedudoTests-resources-${CONFIGURATION}-output-files.xcfilelist",
			);
			runOnlyForDeploymentPostprocessing = 0;
			shellPath = /bin/sh;
			shellScript = "\"${PODS_ROOT}/Target Support Files/Pods-iqedudo-iqedudoTests/Pods-iqedudo-iqedudoTests-resources.sh\"\n";
			showEnvVarsInLog = 0;
		};
		30E4968A94438C9B9A565BA0 /* [CP] Copy Pods Resources */ = {
			isa = PBXShellScriptBuildPhase;
			buildActionMask = 2147483647;
			files = (
			);
			inputFileListPaths = (
				"${PODS_ROOT}/Target Support Files/Pods-iqedudo/Pods-iqedudo-resources-${CONFIGURATION}-input-files.xcfilelist",
			);
			name = "[CP] Copy Pods Resources";
			outputFileListPaths = (
				"${PODS_ROOT}/Target Support Files/Pods-iqedudo/Pods-iqedudo-resources-${CONFIGURATION}-output-files.xcfilelist",
			);
			runOnlyForDeploymentPostprocessing = 0;
			shellPath = /bin/sh;
			shellScript = "\"${PODS_ROOT}/Target Support Files/Pods-iqedudo/Pods-iqedudo-resources.sh\"\n";
			showEnvVarsInLog = 0;
		};
		42F4AE4076AF5D91BCD37CB4 /* [CP] Check Pods Manifest.lock */ = {
			isa = PBXShellScriptBuildPhase;
			buildActionMask = 2147483647;
			files = (
			);
			inputFileListPaths = (
			);
			inputPaths = (
				"${PODS_PODFILE_DIR_PATH}/Podfile.lock",
				"${PODS_ROOT}/Manifest.lock",
			);
			name = "[CP] Check Pods Manifest.lock";
			outputFileListPaths = (
			);
			outputPaths = (
				"$(DERIVED_FILE_DIR)/Pods-iqedudo-iqedudoTests-checkManifestLockResult.txt",
			);
			runOnlyForDeploymentPostprocessing = 0;
			shellPath = /bin/sh;
			shellScript = "diff \"${PODS_PODFILE_DIR_PATH}/Podfile.lock\" \"${PODS_ROOT}/Manifest.lock\" > /dev/null\nif [ $? != 0 ] ; then\n    # print error to STDERR\n    echo \"error: The sandbox is not in sync with the Podfile.lock. Run 'pod install' or update your CocoaPods installation.\" >&2\n    exit 1\nfi\n# This output is used by Xcode 'outputs' to avoid re-running this script phase.\necho \"SUCCESS\" > \"${SCRIPT_OUTPUT_FILE_0}\"\n";
			showEnvVarsInLog = 0;
		};
		CE65B856F699FB0DAED7DF53 /* [CP] Check Pods Manifest.lock */ = {
			isa = PBXShellScriptBuildPhase;
			buildActionMask = 2147483647;
			files = (
			);
			inputFileListPaths = (
			);
			inputPaths = (
				"${PODS_PODFILE_DIR_PATH}/Podfile.lock",
				"${PODS_ROOT}/Manifest.lock",
			);
			name = "[CP] Check Pods Manifest.lock";
			outputFileListPaths = (
			);
			outputPaths = (
				"$(DERIVED_FILE_DIR)/Pods-iqedudo-checkManifestLockResult.txt",
			);
			runOnlyForDeploymentPostprocessing = 0;
			shellPath = /bin/sh;
			shellScript = "diff \"${PODS_PODFILE_DIR_PATH}/Podfile.lock\" \"${PODS_ROOT}/Manifest.lock\" > /dev/null\nif [ $? != 0 ] ; then\n    # print error to STDERR\n    echo \"error: The sandbox is not in sync with the Podfile.lock. Run 'pod install' or update your CocoaPods installation.\" >&2\n    exit 1\nfi\n# This output is used by Xcode 'outputs' to avoid re-running this script phase.\necho \"SUCCESS\" > \"${SCRIPT_OUTPUT_FILE_0}\"\n";
			showEnvVarsInLog = 0;
		};
		E7970D661FE964AFD92A329E /* [CP] Embed Pods Frameworks */ = {
			isa = PBXShellScriptBuildPhase;
			buildActionMask = 2147483647;
			files = (
			);
			inputFileListPaths = (
				"${PODS_ROOT}/Target Support Files/Pods-iqedudo/Pods-iqedudo-frameworks-${CONFIGURATION}-input-files.xcfilelist",
			);
			name = "[CP] Embed Pods Frameworks";
			outputFileListPaths = (
				"${PODS_ROOT}/Target Support Files/Pods-iqedudo/Pods-iqedudo-frameworks-${CONFIGURATION}-output-files.xcfilelist",
			);
			runOnlyForDeploymentPostprocessing = 0;
			shellPath = /bin/sh;
			shellScript = "\"${PODS_ROOT}/Target Support Files/Pods-iqedudo/Pods-iqedudo-frameworks.sh\"\n";
			showEnvVarsInLog = 0;
		};
		FD10A7F022414F080027D42C /* Start Packager */ = {
			isa = PBXShellScriptBuildPhase;
			buildActionMask = 2147483647;
			files = (
			);
			inputFileListPaths = (
			);
			inputPaths = (
			);
			name = "Start Packager";
			outputFileListPaths = (
			);
			outputPaths = (
			);
			runOnlyForDeploymentPostprocessing = 0;
			shellPath = /bin/sh;
			shellScript = "export RCT_METRO_PORT=\"${RCT_METRO_PORT:=8081}\"\necho \"export RCT_METRO_PORT=${RCT_METRO_PORT}\" > \"${SRCROOT}/../node_modules/react-native/scripts/.packager.env\"\nif [ -z \"${RCT_NO_LAUNCH_PACKAGER+xxx}\" ] ; then\n  if nc -w 5 -z localhost ${RCT_METRO_PORT} ; then\n    if ! curl -s \"http://localhost:${RCT_METRO_PORT}/status\" | grep -q \"packager-status:running\" ; then\n      echo \"Port ${RCT_METRO_PORT} already in use, packager is either not running or not running correctly\"\n      exit 2\n    fi\n  else\n    open \"$SRCROOT/../node_modules/react-native/scripts/launchPackager.command\" || echo \"Can't start packager automatically\"\n  fi\nfi\n";
			showEnvVarsInLog = 0;
		};
		FD7185B1119775BD7E61E5F7 /* [CP] Embed Pods Frameworks */ = {
			isa = PBXShellScriptBuildPhase;
			buildActionMask = 2147483647;
			files = (
			);
			inputFileListPaths = (
				"${PODS_ROOT}/Target Support Files/Pods-iqedudo-iqedudoTests/Pods-iqedudo-iqedudoTests-frameworks-${CONFIGURATION}-input-files.xcfilelist",
			);
			name = "[CP] Embed Pods Frameworks";
			outputFileListPaths = (
				"${PODS_ROOT}/Target Support Files/Pods-iqedudo-iqedudoTests/Pods-iqedudo-iqedudoTests-frameworks-${CONFIGURATION}-output-files.xcfilelist",
			);
			runOnlyForDeploymentPostprocessing = 0;
			shellPath = /bin/sh;
			shellScript = "\"${PODS_ROOT}/Target Support Files/Pods-iqedudo-iqedudoTests/Pods-iqedudo-iqedudoTests-frameworks.sh\"\n";
			showEnvVarsInLog = 0;
		};
/* End PBXShellScriptBuildPhase section */

/* Begin PBXSourcesBuildPhase section */
		00E356EA1AD99517003FC87E /* Sources */ = {
			isa = PBXSourcesBuildPhase;
			buildActionMask = 2147483647;
			files = (
				00E356F31AD99517003FC87E /* iqedudoTests.m in Sources */,
			);
			runOnlyForDeploymentPostprocessing = 0;
		};
		13B07F871A680F5B00A75B9A /* Sources */ = {
			isa = PBXSourcesBuildPhase;
			buildActionMask = 2147483647;
			files = (
				13B07FBC1A68108700A75B9A /* AppDelegate.m in Sources */,
				13B07FC11A68108700A75B9A /* main.m in Sources */,
			);
			runOnlyForDeploymentPostprocessing = 0;
		};
/* End PBXSourcesBuildPhase section */

/* Begin PBXTargetDependency section */
		00E356F51AD99517003FC87E /* PBXTargetDependency */ = {
			isa = PBXTargetDependency;
			target = 13B07F861A680F5B00A75B9A /* iqedudo */;
			targetProxy = 00E356F41AD99517003FC87E /* PBXContainerItemProxy */;
		};
/* End PBXTargetDependency section */

/* Begin XCBuildConfiguration section */
		00E356F61AD99517003FC87E /* Debug */ = {
			isa = XCBuildConfiguration;
			baseConfigurationReference = 105735AF5948F9E511470C99 /* Pods-iqedudo-iqedudoTests.debug.xcconfig */;
			buildSettings = {
				BUNDLE_LOADER = "$(TEST_HOST)";
				GCC_PREPROCESSOR_DEFINITIONS = (
					"DEBUG=1",
					"$(inherited)",
				);
				INFOPLIST_FILE = iqedudoTests/Info.plist;
				IPHONEOS_DEPLOYMENT_TARGET = 11.0;
				LD_RUNPATH_SEARCH_PATHS = (
					"$(inherited)",
					"@executable_path/Frameworks",
					"@loader_path/Frameworks",
				);
				OTHER_LDFLAGS = (
					"-ObjC",
					"-lc++",
					"$(inherited)",
				);
				PRODUCT_BUNDLE_IDENTIFIER = "org.reactjs.native.example.$(PRODUCT_NAME:rfc1034identifier)";
				PRODUCT_NAME = "$(TARGET_NAME)";
				TEST_HOST = "$(BUILT_PRODUCTS_DIR)/iqedudo.app/iqedudo";
			};
			name = Debug;
		};
		00E356F71AD99517003FC87E /* Release */ = {
			isa = XCBuildConfiguration;
			baseConfigurationReference = 34AFABB18CCD404949143079 /* Pods-iqedudo-iqedudoTests.release.xcconfig */;
			buildSettings = {
				BUNDLE_LOADER = "$(TEST_HOST)";
				COPY_PHASE_STRIP = NO;
				INFOPLIST_FILE = iqedudoTests/Info.plist;
				IPHONEOS_DEPLOYMENT_TARGET = 11.0;
				LD_RUNPATH_SEARCH_PATHS = (
					"$(inherited)",
					"@executable_path/Frameworks",
					"@loader_path/Frameworks",
				);
				OTHER_LDFLAGS = (
					"-ObjC",
					"-lc++",
					"$(inherited)",
				);
				PRODUCT_BUNDLE_IDENTIFIER = "org.reactjs.native.example.$(PRODUCT_NAME:rfc1034identifier)";
				PRODUCT_NAME = "$(TARGET_NAME)";
				TEST_HOST = "$(BUILT_PRODUCTS_DIR)/iqedudo.app/iqedudo";
			};
			name = Release;
		};
		13B07F941A680F5B00A75B9A /* Debug */ = {
			isa = XCBuildConfiguration;
			baseConfigurationReference = 729C8CDE0F32F702F9CFBEF4 /* Pods-iqedudo.debug.xcconfig */;
			buildSettings = {
				ASSETCATALOG_COMPILER_APPICON_NAME = AppIcon;
				CLANG_ENABLE_MODULES = YES;
				CURRENT_PROJECT_VERSION = 1;
				ENABLE_BITCODE = NO;
				INFOPLIST_FILE = iqedudo/Info.plist;
				LD_RUNPATH_SEARCH_PATHS = (
					"$(inherited)",
					"@executable_path/Frameworks",
				);
				OTHER_LDFLAGS = (
					"$(inherited)",
					"-ObjC",
					"-lc++",
				);
				PRODUCT_BUNDLE_IDENTIFIER = "org.reactjs.native.example.$(PRODUCT_NAME:rfc1034identifier)";
				PRODUCT_NAME = iqedudo;
				SWIFT_OPTIMIZATION_LEVEL = "-Onone";
				SWIFT_VERSION = 5.0;
				VERSIONING_SYSTEM = "apple-generic";
			};
			name = Debug;
		};
		13B07F951A680F5B00A75B9A /* Release */ = {
			isa = XCBuildConfiguration;
			baseConfigurationReference = 3A33C09420A6D077213DD6C0 /* Pods-iqedudo.release.xcconfig */;
			buildSettings = {
				ASSETCATALOG_COMPILER_APPICON_NAME = AppIcon;
				CLANG_ENABLE_MODULES = YES;
				CURRENT_PROJECT_VERSION = 1;
				INFOPLIST_FILE = iqedudo/Info.plist;
				LD_RUNPATH_SEARCH_PATHS = (
					"$(inherited)",
					"@executable_path/Frameworks",
				);
				OTHER_LDFLAGS = (
					"$(inherited)",
					"-ObjC",
					"-lc++",
				);
				PRODUCT_BUNDLE_IDENTIFIER = "org.reactjs.native.example.$(PRODUCT_NAME:rfc1034identifier)";
				PRODUCT_NAME = iqedudo;
				SWIFT_VERSION = 5.0;
				VERSIONING_SYSTEM = "apple-generic";
			};
			name = Release;
		};
		83CBBA201A601CBA00E9B192 /* Debug */ = {
			isa = XCBuildConfiguration;
			buildSettings = {
				ALWAYS_SEARCH_USER_PATHS = NO;
				CLANG_ANALYZER_LOCALIZABILITY_NONLOCALIZED = YES;
				CLANG_CXX_LANGUAGE_STANDARD = "gnu++0x";
				CLANG_CXX_LIBRARY = "libc++";
				CLANG_ENABLE_MODULES = YES;
				CLANG_ENABLE_OBJC_ARC = YES;
				CLANG_WARN_BLOCK_CAPTURE_AUTORELEASING = YES;
				CLANG_WARN_BOOL_CONVERSION = YES;
				CLANG_WARN_COMMA = YES;
				CLANG_WARN_CONSTANT_CONVERSION = YES;
				CLANG_WARN_DEPRECATED_OBJC_IMPLEMENTATIONS = YES;
				CLANG_WARN_DIRECT_OBJC_ISA_USAGE = YES_ERROR;
				CLANG_WARN_EMPTY_BODY = YES;
				CLANG_WARN_ENUM_CONVERSION = YES;
				CLANG_WARN_INFINITE_RECURSION = YES;
				CLANG_WARN_INT_CONVERSION = YES;
				CLANG_WARN_NON_LITERAL_NULL_CONVERSION = YES;
				CLANG_WARN_OBJC_IMPLICIT_RETAIN_SELF = YES;
				CLANG_WARN_OBJC_LITERAL_CONVERSION = YES;
				CLANG_WARN_OBJC_ROOT_CLASS = YES_ERROR;
				CLANG_WARN_QUOTED_INCLUDE_IN_FRAMEWORK_HEADER = YES;
				CLANG_WARN_RANGE_LOOP_ANALYSIS = YES;
				CLANG_WARN_STRICT_PROTOTYPES = YES;
				CLANG_WARN_SUSPICIOUS_MOVE = YES;
				CLANG_WARN_UNREACHABLE_CODE = YES;
				CLANG_WARN__DUPLICATE_METHOD_MATCH = YES;
				"CODE_SIGN_IDENTITY[sdk=iphoneos*]" = "iPhone Developer";
				COPY_PHASE_STRIP = NO;
				ENABLE_STRICT_OBJC_MSGSEND = YES;
				ENABLE_TESTABILITY = YES;
				"EXCLUDED_ARCHS[sdk=iphonesimulator*]" = "arm64 ";
				GCC_C_LANGUAGE_STANDARD = gnu99;
				GCC_DYNAMIC_NO_PIC = NO;
				GCC_NO_COMMON_BLOCKS = YES;
				GCC_OPTIMIZATION_LEVEL = 0;
				GCC_PREPROCESSOR_DEFINITIONS = (
					"DEBUG=1",
					"$(inherited)",
				);
				GCC_SYMBOLS_PRIVATE_EXTERN = NO;
				GCC_WARN_64_TO_32_BIT_CONVERSION = YES;
				GCC_WARN_ABOUT_RETURN_TYPE = YES_ERROR;
				GCC_WARN_UNDECLARED_SELECTOR = YES;
				GCC_WARN_UNINITIALIZED_AUTOS = YES_AGGRESSIVE;
				GCC_WARN_UNUSED_FUNCTION = YES;
				GCC_WARN_UNUSED_VARIABLE = YES;
				IPHONEOS_DEPLOYMENT_TARGET = 11.0;
				LD_RUNPATH_SEARCH_PATHS = (
					/usr/lib/swift,
					"$(inherited)",
				);
				LIBRARY_SEARCH_PATHS = (
					"\"$(TOOLCHAIN_DIR)/usr/lib/swift/$(PLATFORM_NAME)\"",
					"\"$(TOOLCHAIN_DIR)/usr/lib/swift-5.0/$(PLATFORM_NAME)\"",
					"\"$(inherited)\"",
				);
				MTL_ENABLE_DEBUG_INFO = YES;
				ONLY_ACTIVE_ARCH = YES;
				SDKROOT = iphoneos;
			};
			name = Debug;
		};
		83CBBA211A601CBA00E9B192 /* Release */ = {
			isa = XCBuildConfiguration;
			buildSettings = {
				ALWAYS_SEARCH_USER_PATHS = NO;
				CLANG_ANALYZER_LOCALIZABILITY_NONLOCALIZED = YES;
				CLANG_CXX_LANGUAGE_STANDARD = "gnu++0x";
				CLANG_CXX_LIBRARY = "libc++";
				CLANG_ENABLE_MODULES = YES;
				CLANG_ENABLE_OBJC_ARC = YES;
				CLANG_WARN_BLOCK_CAPTURE_AUTORELEASING = YES;
				CLANG_WARN_BOOL_CONVERSION = YES;
				CLANG_WARN_COMMA = YES;
				CLANG_WARN_CONSTANT_CONVERSION = YES;
				CLANG_WARN_DEPRECATED_OBJC_IMPLEMENTATIONS = YES;
				CLANG_WARN_DIRECT_OBJC_ISA_USAGE = YES_ERROR;
				CLANG_WARN_EMPTY_BODY = YES;
				CLANG_WARN_ENUM_CONVERSION = YES;
				CLANG_WARN_INFINITE_RECURSION = YES;
				CLANG_WARN_INT_CONVERSION = YES;
				CLANG_WARN_NON_LITERAL_NULL_CONVERSION = YES;
				CLANG_WARN_OBJC_IMPLICIT_RETAIN_SELF = YES;
				CLANG_WARN_OBJC_LITERAL_CONVERSION = YES;
				CLANG_WARN_OBJC_ROOT_CLASS = YES_ERROR;
				CLANG_WARN_QUOTED_INCLUDE_IN_FRAMEWORK_HEADER = YES;
				CLANG_WARN_RANGE_LOOP_ANALYSIS = YES;
				CLANG_WARN_STRICT_PROTOTYPES = YES;
				CLANG_WARN_SUSPICIOUS_MOVE = YES;
				CLANG_WARN_UNREACHABLE_CODE = YES;
				CLANG_WARN__DUPLICATE_METHOD_MATCH = YES;
				"CODE_SIGN_IDENTITY[sdk=iphoneos*]" = "iPhone Developer";
				COPY_PHASE_STRIP = YES;
				ENABLE_NS_ASSERTIONS = NO;
				ENABLE_STRICT_OBJC_MSGSEND = YES;
				"EXCLUDED_ARCHS[sdk=iphonesimulator*]" = "arm64 ";
				GCC_C_LANGUAGE_STANDARD = gnu99;
				GCC_NO_COMMON_BLOCKS = YES;
				GCC_WARN_64_TO_32_BIT_CONVERSION = YES;
				GCC_WARN_ABOUT_RETURN_TYPE = YES_ERROR;
				GCC_WARN_UNDECLARED_SELECTOR = YES;
				GCC_WARN_UNINITIALIZED_AUTOS = YES_AGGRESSIVE;
				GCC_WARN_UNUSED_FUNCTION = YES;
				GCC_WARN_UNUSED_VARIABLE = YES;
				IPHONEOS_DEPLOYMENT_TARGET = 11.0;
				LD_RUNPATH_SEARCH_PATHS = (
					/usr/lib/swift,
					"$(inherited)",
				);
				LIBRARY_SEARCH_PATHS = (
					"\"$(TOOLCHAIN_DIR)/usr/lib/swift/$(PLATFORM_NAME)\"",
					"\"$(TOOLCHAIN_DIR)/usr/lib/swift-5.0/$(PLATFORM_NAME)\"",
					"\"$(inherited)\"",
				);
				MTL_ENABLE_DEBUG_INFO = NO;
				SDKROOT = iphoneos;
				VALIDATE_PRODUCT = YES;
			};
			name = Release;
		};
/* End XCBuildConfiguration section */

/* Begin XCConfigurationList section */
		00E357021AD99517003FC87E /* Build configuration list for PBXNativeTarget "iqedudoTests" */ = {
			isa = XCConfigurationList;
			buildConfigurations = (
				00E356F61AD99517003FC87E /* Debug */,
				00E356F71AD99517003FC87E /* Release */,
			);
			defaultConfigurationIsVisible = 0;
			defaultConfigurationName = Release;
		};
		13B07F931A680F5B00A75B9A /* Build configuration list for PBXNativeTarget "iqedudo" */ = {
			isa = XCConfigurationList;
			buildConfigurations = (
				13B07F941A680F5B00A75B9A /* Debug */,
				13B07F951A680F5B00A75B9A /* Release */,
			);
			defaultConfigurationIsVisible = 0;
			defaultConfigurationName = Release;
		};
		83CBB9FA1A601CBA00E9B192 /* Build configuration list for PBXProject "iqedudo" */ = {
			isa = XCConfigurationList;
			buildConfigurations = (
				83CBBA201A601CBA00E9B192 /* Debug */,
				83CBBA211A601CBA00E9B192 /* Release */,
			);
			defaultConfigurationIsVisible = 0;
			defaultConfigurationName = Release;
		};
/* End XCConfigurationList section */
	};
	rootObject = 83CBB9F71A601CBA00E9B192 /* Project object */;
}
